
Microsoft Visual Studio Solution File, Format Version 12.00
# Visual Studio Version 17
VisualStudioVersion = 17.7.34024.191
MinimumVisualStudioVersion = 10.0.40219.1
Project("{FAE04EC0-301F-11D3-BF4B-00C04F79EFBC}") = "BellaPie", "BellaPie\BellaPie.csproj", "{D2F02B81-079A-4954-9116-95CE545FBAB9}"
EndProject
Global
	GlobalSection(SolutionConfigurationPlatforms) = preSolution
		Debug|Any CPU = Debug|Any CPU
		Release|Any CPU = Release|Any CPU
	EndGlobalSection
	GlobalSection(ProjectConfigurationPlatforms) = postSolution
		{D2F02B81-079A-4954-9116-95CE545FBAB9}.Debug|Any CPU.ActiveCfg = Debug|Any CPU
		{D2F02B81-079A-4954-9116-95CE545FBAB9}.Debug|Any CPU.Build.0 = Debug|Any CPU
		{D2F02B81-079A-4954-9116-95CE545FBAB9}.Release|Any CPU.ActiveCfg = Release|Any CPU
		{D2F02B81-079A-4954-9116-95CE545FBAB9}.Release|Any CPU.Build.0 = Release|Any CPU
	EndGlobalSection
	GlobalSection(SolutionProperties) = preSolution
		HideSolutionNode = FALSE
	EndGlobalSection
	GlobalSection(ExtensibilityGlobals) = postSolution
		SolutionGuid = {DE61E4D6-A9AD-4660-829E-C71FDFF8804C}
	EndGlobalSection
EndGlobal
